Microsoft Visual Studio Solution File, Format Version 12.00
# Visual Studio Version 17
VisualStudioVersion = 17.5.2.0
MinimumVisualStudioVersion = 10.0.40219.1
Project("{FAE04EC0-301F-11D3-BF4B-00C04F79EFBC}") = "MathLib", "MathLib\MathLib.csproj", "{55DFA549-B0FC-D9C5-BC4A-57B383828689}"
EndProject
Project("{FAE04EC0-301F-11D3-BF4B-00C04F79EFBC}") = "DemoApp", "DemoApp\DemoApp.csproj", "{9ED4F47D-157C-2A60-1689-ADD58DB0890D}"
EndProject
Global
	GlobalSection(SolutionConfigurationPlatforms) = preSolution
		Debug|Any CPU = Debug|Any CPU
		Release|Any CPU = Release|Any CPU
	EndGlobalSection
	GlobalSection(ProjectConfigurationPlatforms) = postSolution
		{55DFA549-B0FC-D9C5-BC4A-57B383828689}.Debug|Any CPU.ActiveCfg = Debug|Any CPU
		{55DFA549-B0FC-D9C5-BC4A-57B383828689}.Debug|Any CPU.Build.0 = Debug|Any CPU
		{55DFA549-B0FC-D9C5-BC4A-57B383828689}.Release|Any CPU.ActiveCfg = Release|Any CPU
		{55DFA549-B0FC-D9C5-BC4A-57B383828689}.Release|Any CPU.Build.0 = Release|Any CPU
		{9ED4F47D-157C-2A60-1689-ADD58DB0890D}.Debug|Any CPU.ActiveCfg = Debug|Any CPU
		{9ED4F47D-157C-2A60-1689-ADD58DB0890D}.Debug|Any CPU.Build.0 = Debug|Any CPU
		{9ED4F47D-157C-2A60-1689-ADD58DB0890D}.Release|Any CPU.ActiveCfg = Release|Any CPU
		{9ED4F47D-157C-2A60-1689-ADD58DB0890D}.Release|Any CPU.Build.0 = Release|Any CPU
	EndGlobalSection
	GlobalSection(SolutionProperties) = preSolution
		HideSolutionNode = FALSE
	EndGlobalSection
	GlobalSection(ExtensibilityGlobals) = postSolution
		SolutionGuid = {8FDE2DFA-2F85-42FF-857A-ECA2C22E27C9}
	EndGlobalSection
EndGlobal
